
Microsoft Visual Studio Solution File, Format Version 12.00
# Visual Studio 15
VisualStudioVersion = 15.0.28307.329
MinimumVisualStudioVersion = 10.0.40219.1
Project("{FAE04EC0-301F-11D3-BF4B-00C04F79EFBC}") = "Presentation", "Presentation\Presentation.csproj", "{87F35999-DFFA-4C7B-910B-10DE45B4B75F}"
EndProject
Project("{FAE04EC0-301F-11D3-BF4B-00C04F79EFBC}") = "Application", "Application\Application.csproj", "{B22F20DB-64DF-4D39-B715-6472A54A4CE8}"
EndProject
Project("{FAE04EC0-301F-11D3-BF4B-00C04F79EFBC}") = "Domain", "Domain\Domain.csproj", "{F29DCDDB-D383-4882-88D4-DF964966BA3D}"
EndProject
Project("{FAE04EC0-301F-11D3-BF4B-00C04F79EFBC}") = "Repository", "Repository\Repository.csproj", "{8234F77E-40C4-40D2-9044-DE5568260AC0}"
EndProject
Project("{2150E333-8FDC-42A3-9474-1A3956D46DE8}") = "CrossCutting", "CrossCutting", "{B1725FF2-2384-4C09-A4AF-38AD51D09409}"
EndProject
Project("{FAE04EC0-301F-11D3-BF4B-00C04F79EFBC}") = "hosting", "hosting\hosting.csproj", "{B6020708-AECF-4D3A-9B57-650CD381AC20}"
EndProject
Project("{2150E333-8FDC-42A3-9474-1A3956D46DE8}") = "src", "src", "{D3B19FE2-F356-4683-9F37-7C47EAA9EB0C}"
EndProject
Project("{2150E333-8FDC-42A3-9474-1A3956D46DE8}") = "tests", "tests", "{3C554616-0805-477B-B0B9-1579FB006F46}"
EndProject
Global
	GlobalSection(SolutionConfigurationPlatforms) = preSolution
		Debug|Any CPU = Debug|Any CPU
		Release|Any CPU = Release|Any CPU
	EndGlobalSection
	GlobalSection(ProjectConfigurationPlatforms) = postSolution
		{87F35999-DFFA-4C7B-910B-10DE45B4B75F}.Debug|Any CPU.ActiveCfg = Debug|Any CPU
		{87F35999-DFFA-4C7B-910B-10DE45B4B75F}.Debug|Any CPU.Build.0 = Debug|Any CPU
		{87F35999-DFFA-4C7B-910B-10DE45B4B75F}.Release|Any CPU.ActiveCfg = Release|Any CPU
		{87F35999-DFFA-4C7B-910B-10DE45B4B75F}.Release|Any CPU.Build.0 = Release|Any CPU
		{B22F20DB-64DF-4D39-B715-6472A54A4CE8}.Debug|Any CPU.ActiveCfg = Debug|Any CPU
		{B22F20DB-64DF-4D39-B715-6472A54A4CE8}.Debug|Any CPU.Build.0 = Debug|Any CPU
		{B22F20DB-64DF-4D39-B715-6472A54A4CE8}.Release|Any CPU.ActiveCfg = Release|Any CPU
		{B22F20DB-64DF-4D39-B715-6472A54A4CE8}.Release|Any CPU.Build.0 = Release|Any CPU
		{F29DCDDB-D383-4882-88D4-DF964966BA3D}.Debug|Any CPU.ActiveCfg = Debug|Any CPU
		{F29DCDDB-D383-4882-88D4-DF964966BA3D}.Debug|Any CPU.Build.0 = Debug|Any CPU
		{F29DCDDB-D383-4882-88D4-DF964966BA3D}.Release|Any CPU.ActiveCfg = Release|Any CPU
		{F29DCDDB-D383-4882-88D4-DF964966BA3D}.Release|Any CPU.Build.0 = Release|Any CPU
		{8234F77E-40C4-40D2-9044-DE5568260AC0}.Debug|Any CPU.ActiveCfg = Debug|Any CPU
		{8234F77E-40C4-40D2-9044-DE5568260AC0}.Debug|Any CPU.Build.0 = Debug|Any CPU
		{8234F77E-40C4-40D2-9044-DE5568260AC0}.Release|Any CPU.ActiveCfg = Release|Any CPU
		{8234F77E-40C4-40D2-9044-DE5568260AC0}.Release|Any CPU.Build.0 = Release|Any CPU
		{B6020708-AECF-4D3A-9B57-650CD381AC20}.Debug|Any CPU.ActiveCfg = Debug|Any CPU
		{B6020708-AECF-4D3A-9B57-650CD381AC20}.Debug|Any CPU.Build.0 = Debug|Any CPU
		{B6020708-AECF-4D3A-9B57-650CD381AC20}.Release|Any CPU.ActiveCfg = Release|Any CPU
		{B6020708-AECF-4D3A-9B57-650CD381AC20}.Release|Any CPU.Build.0 = Release|Any CPU
	EndGlobalSection
	GlobalSection(SolutionProperties) = preSolution
		HideSolutionNode = FALSE
	EndGlobalSection
	GlobalSection(NestedProjects) = preSolution
		{87F35999-DFFA-4C7B-910B-10DE45B4B75F} = {D3B19FE2-F356-4683-9F37-7C47EAA9EB0C}
		{B22F20DB-64DF-4D39-B715-6472A54A4CE8} = {D3B19FE2-F356-4683-9F37-7C47EAA9EB0C}
		{F29DCDDB-D383-4882-88D4-DF964966BA3D} = {D3B19FE2-F356-4683-9F37-7C47EAA9EB0C}
		{8234F77E-40C4-40D2-9044-DE5568260AC0} = {D3B19FE2-F356-4683-9F37-7C47EAA9EB0C}
		{B1725FF2-2384-4C09-A4AF-38AD51D09409} = {D3B19FE2-F356-4683-9F37-7C47EAA9EB0C}
		{B6020708-AECF-4D3A-9B57-650CD381AC20} = {D3B19FE2-F356-4683-9F37-7C47EAA9EB0C}
	EndGlobalSection
	GlobalSection(ExtensibilityGlobals) = postSolution
		SolutionGuid = {3E9A0CFD-FEA2-4844-8BF6-A1A924A4C1D6}
	EndGlobalSection
EndGlobal
